// !$*UTF8*$!
{
	archiveVersion = 1;
	classes = {
	};
	objectVersion = 56;
	objects = {

/* Begin PBXBuildFile section */
		8A04B088290A3B0300804A12 /* URLSessionHTTPClient.swift in Sources */ = {isa = PBXBuildFile; fileRef = 8A04B087290A3B0300804A12 /* URLSessionHTTPClient.swift */; };
		8A04B090290F7D2500804A12 /* EssentialFeedAPIEndToEndTests.swift in Sources */ = {isa = PBXBuildFile; fileRef = 8A04B08F290F7D2500804A12 /* EssentialFeedAPIEndToEndTests.swift */; };
		8A04B091290F7D2500804A12 /* EssentialFeed.framework in Frameworks */ = {isa = PBXBuildFile; fileRef = 8AABBF0E28F5212600373419 /* EssentialFeed.framework */; };
		8A1698742915D75E0026B30D /* CacheFeedUseCaseTests.swift in Sources */ = {isa = PBXBuildFile; fileRef = 8A1698732915D75E0026B30D /* CacheFeedUseCaseTests.swift */; };
		8A22B89E2905020A009C86C4 /* URLSessionHTTPClientTests.swift in Sources */ = {isa = PBXBuildFile; fileRef = 8A22B89D2905020A009C86C4 /* URLSessionHTTPClientTests.swift */; };
		8A22B8A529078A1D009C86C4 /* XCTestCase+MemoryLeakTracking.swift in Sources */ = {isa = PBXBuildFile; fileRef = 8A22B8A429078A1D009C86C4 /* XCTestCase+MemoryLeakTracking.swift */; };
		8A574BBE28F9EC09007952DF /* RemoteFeedLoader.swift in Sources */ = {isa = PBXBuildFile; fileRef = 8A574BBD28F9EC09007952DF /* RemoteFeedLoader.swift */; };
		8AA585C1290F8DE300E7DD7D /* XCTestCase+MemoryLeakTracking.swift in Sources */ = {isa = PBXBuildFile; fileRef = 8A22B8A429078A1D009C86C4 /* XCTestCase+MemoryLeakTracking.swift */; };
		8AABBF1928F5212600373419 /* EssentialFeed.framework in Frameworks */ = {isa = PBXBuildFile; fileRef = 8AABBF0E28F5212600373419 /* EssentialFeed.framework */; };
		8AABBF1F28F5212600373419 /* EssentialFeed.h in Headers */ = {isa = PBXBuildFile; fileRef = 8AABBF1128F5212600373419 /* EssentialFeed.h */; settings = {ATTRIBUTES = (Public, ); }; };
		8AABBF2928F521BB00373419 /* FeedImage.swift in Sources */ = {isa = PBXBuildFile; fileRef = 8AABBF2828F521BB00373419 /* FeedImage.swift */; };
		8AABBF2B28F5246D00373419 /* FeedLoader.swift in Sources */ = {isa = PBXBuildFile; fileRef = 8AABBF2A28F5246D00373419 /* FeedLoader.swift */; };
		8AABBF2E28F52AE000373419 /* LoadFeedFromRemoteUseCaseTests.swift in Sources */ = {isa = PBXBuildFile; fileRef = 8AABBF2D28F52AE000373419 /* LoadFeedFromRemoteUseCaseTests.swift */; };
		8AF7EC072921B2900022B0AB /* LocalFeedLoader.swift in Sources */ = {isa = PBXBuildFile; fileRef = 8AF7EC062921B2900022B0AB /* LocalFeedLoader.swift */; };
		8AF7EC092921B33A0022B0AB /* FeedStore.swift in Sources */ = {isa = PBXBuildFile; fileRef = 8AF7EC082921B33A0022B0AB /* FeedStore.swift */; };
		8AF7EC0B292205AB0022B0AB /* RemoteFeedItem.swift in Sources */ = {isa = PBXBuildFile; fileRef = 8AF7EC0A292205AB0022B0AB /* RemoteFeedItem.swift */; };
		8AF7EC0D292206150022B0AB /* LocalFeedImage.swift in Sources */ = {isa = PBXBuildFile; fileRef = 8AF7EC0C292206150022B0AB /* LocalFeedImage.swift */; };
		8AF7FC8D28FF8166001030AE /* HTTPClient.swift in Sources */ = {isa = PBXBuildFile; fileRef = 8AF7FC8C28FF8166001030AE /* HTTPClient.swift */; };
		8AF7FC8F28FF81F3001030AE /* FeedItemMapper.swift in Sources */ = {isa = PBXBuildFile; fileRef = 8AF7FC8E28FF81F3001030AE /* FeedItemMapper.swift */; };
		EF0A222F2BDF54FD0058376B /* EssentialFeediOS.framework in Frameworks */ = {isa = PBXBuildFile; fileRef = EF0A22272BDF54FD0058376B /* EssentialFeediOS.framework */; };
		EF3371CB29CDF6D300A7E3F9 /* EssentialFeedCacheIntegrationTests.swift in Sources */ = {isa = PBXBuildFile; fileRef = EF3371CA29CDF6D300A7E3F9 /* EssentialFeedCacheIntegrationTests.swift */; };
		EF3371CC29CDF6D300A7E3F9 /* EssentialFeed.framework in Frameworks */ = {isa = PBXBuildFile; fileRef = 8AABBF0E28F5212600373419 /* EssentialFeed.framework */; };
		EF3371D229CDF91300A7E3F9 /* XCTestCase+MemoryLeakTracking.swift in Sources */ = {isa = PBXBuildFile; fileRef = 8A22B8A429078A1D009C86C4 /* XCTestCase+MemoryLeakTracking.swift */; };
		EF69E434293844D200DA46EB /* ValidateFeedCacheUseCaseTests.swift in Sources */ = {isa = PBXBuildFile; fileRef = EF69E433293844D200DA46EB /* ValidateFeedCacheUseCaseTests.swift */; };
		EF69E43629384E2300DA46EB /* FeedCacheTestHelpers.swift in Sources */ = {isa = PBXBuildFile; fileRef = EF69E43529384E2300DA46EB /* FeedCacheTestHelpers.swift */; };
		EF69E43829384FC300DA46EB /* SharedTestHelpers.swift in Sources */ = {isa = PBXBuildFile; fileRef = EF69E43729384FC300DA46EB /* SharedTestHelpers.swift */; };
		EF7EF1292C37B9F40074F298 /* FeedViewControllerTests.swift in Sources */ = {isa = PBXBuildFile; fileRef = EF7EF1282C37B9F40074F298 /* FeedViewControllerTests.swift */; };
		EF7EF12B2C3906F80074F298 /* EssentialFeed.framework in Frameworks */ = {isa = PBXBuildFile; fileRef = 8AABBF0E28F5212600373419 /* EssentialFeed.framework */; platformFilter = ios; };
		EF7EF12C2C3906F80074F298 /* EssentialFeed.framework in Embed Frameworks */ = {isa = PBXBuildFile; fileRef = 8AABBF0E28F5212600373419 /* EssentialFeed.framework */; platformFilter = ios; settings = {ATTRIBUTES = (CodeSignOnCopy, RemoveHeadersOnCopy, ); }; };
		EF8C93F429C8B29100600F29 /* CoreDataHelpers.swift in Sources */ = {isa = PBXBuildFile; fileRef = EF8C93F329C8B29100600F29 /* CoreDataHelpers.swift */; };
		EF8C93F629C8B36000600F29 /* ManagedCache.swift in Sources */ = {isa = PBXBuildFile; fileRef = EF8C93F529C8B36000600F29 /* ManagedCache.swift */; };
		EF8C93F829C8B37300600F29 /* ManagedFeedImage.swift in Sources */ = {isa = PBXBuildFile; fileRef = EF8C93F729C8B37300600F29 /* ManagedFeedImage.swift */; };
		EFA8EA4629B8E0E300A79717 /* CoreDataFeedStoreTests.swift in Sources */ = {isa = PBXBuildFile; fileRef = EFA8EA4529B8E0E300A79717 /* CoreDataFeedStoreTests.swift */; };
		EFA8EA4829B8E19A00A79717 /* CoreDataFeedStore.swift in Sources */ = {isa = PBXBuildFile; fileRef = EFA8EA4729B8E19A00A79717 /* CoreDataFeedStore.swift */; };
		EFB48BC529B63AD00064E6D2 /* FeedStoreSpecs.swift in Sources */ = {isa = PBXBuildFile; fileRef = EFB48BC429B63AD00064E6D2 /* FeedStoreSpecs.swift */; };
		EFB48BC729B63BB80064E6D2 /* XCTestCase+FeedStoreSpecs.swift in Sources */ = {isa = PBXBuildFile; fileRef = EFB48BC629B63BB80064E6D2 /* XCTestCase+FeedStoreSpecs.swift */; };
		EFBEB0C92988CE0700DB85DE /* FeedCachePolicy.swift in Sources */ = {isa = PBXBuildFile; fileRef = EFBEB0C82988CE0700DB85DE /* FeedCachePolicy.swift */; };
		EFC04AD2292493A2008D8211 /* LoadFeedFromCacheUseCaseTests.swift in Sources */ = {isa = PBXBuildFile; fileRef = EFC04AD1292493A2008D8211 /* LoadFeedFromCacheUseCaseTests.swift */; };
		EFC04AD5292495BB008D8211 /* FeedStoreSpy.swift in Sources */ = {isa = PBXBuildFile; fileRef = EFC04AD4292495BB008D8211 /* FeedStoreSpy.swift */; };
		EFC4FB6629BB85C4007CF4A0 /* FeedStore.xcdatamodeld in Sources */ = {isa = PBXBuildFile; fileRef = EFC4FB6429BB85C4007CF4A0 /* FeedStore.xcdatamodeld */; };
		EFDA59052A12F862007D88FB /* FeedCacheTestHelpers.swift in Sources */ = {isa = PBXBuildFile; fileRef = EF69E43529384E2300DA46EB /* FeedCacheTestHelpers.swift */; };
		EFDA59062A12F872007D88FB /* SharedTestHelpers.swift in Sources */ = {isa = PBXBuildFile; fileRef = EF69E43729384FC300DA46EB /* SharedTestHelpers.swift */; };
/* End PBXBuildFile section */

/* Begin PBXContainerItemProxy section */
		8A04B092290F7D2500804A12 /* PBXContainerItemProxy */ = {
			isa = PBXContainerItemProxy;
			containerPortal = 8AABBF0528F5212600373419 /* Project object */;
			proxyType = 1;
			remoteGlobalIDString = 8AABBF0D28F5212600373419;
			remoteInfo = EssentialFeed;
		};
		8AABBF1A28F5212600373419 /* PBXContainerItemProxy */ = {
			isa = PBXContainerItemProxy;
			containerPortal = 8AABBF0528F5212600373419 /* Project object */;
			proxyType = 1;
			remoteGlobalIDString = 8AABBF0D28F5212600373419;
			remoteInfo = EssentialFeed;
		};
		EF0A22302BDF54FD0058376B /* PBXContainerItemProxy */ = {
			isa = PBXContainerItemProxy;
			containerPortal = 8AABBF0528F5212600373419 /* Project object */;
			proxyType = 1;
			remoteGlobalIDString = EF0A22262BDF54FD0058376B;
			remoteInfo = EssentialFeediOS;
		};
		EF3371CD29CDF6D300A7E3F9 /* PBXContainerItemProxy */ = {
			isa = PBXContainerItemProxy;
			containerPortal = 8AABBF0528F5212600373419 /* Project object */;
			proxyType = 1;
			remoteGlobalIDString = 8AABBF0D28F5212600373419;
			remoteInfo = EssentialFeed;
		};
		EF7EF12D2C3906F80074F298 /* PBXContainerItemProxy */ = {
			isa = PBXContainerItemProxy;
			containerPortal = 8AABBF0528F5212600373419 /* Project object */;
			proxyType = 1;
			remoteGlobalIDString = 8AABBF0D28F5212600373419;
			remoteInfo = EssentialFeed;
		};
/* End PBXContainerItemProxy section */

/* Begin PBXCopyFilesBuildPhase section */
		EF7EF12F2C3906F80074F298 /* Embed Frameworks */ = {
			isa = PBXCopyFilesBuildPhase;
			buildActionMask = 2147483647;
			dstPath = "";
			dstSubfolderSpec = 10;
			files = (
				EF7EF12C2C3906F80074F298 /* EssentialFeed.framework in Embed Frameworks */,
			);
			name = "Embed Frameworks";
			runOnlyForDeploymentPostprocessing = 0;
		};
/* End PBXCopyFilesBuildPhase section */

/* Begin PBXFileReference section */
		8A04B087290A3B0300804A12 /* URLSessionHTTPClient.swift */ = {isa = PBXFileReference; lastKnownFileType = sourcecode.swift; path = URLSessionHTTPClient.swift; sourceTree = "<group>"; };
		8A04B08D290F7D2500804A12 /* EssentialFeedAPIEndToEndTests.xctest */ = {isa = PBXFileReference; explicitFileType = wrapper.cfbundle; includeInIndex = 0; path = EssentialFeedAPIEndToEndTests.xctest; sourceTree = BUILT_PRODUCTS_DIR; };
		8A04B08F290F7D2500804A12 /* EssentialFeedAPIEndToEndTests.swift */ = {isa = PBXFileReference; lastKnownFileType = sourcecode.swift; path = EssentialFeedAPIEndToEndTests.swift; sourceTree = "<group>"; };
		8A1698732915D75E0026B30D /* CacheFeedUseCaseTests.swift */ = {isa = PBXFileReference; lastKnownFileType = sourcecode.swift; path = CacheFeedUseCaseTests.swift; sourceTree = "<group>"; };
		8A22B89D2905020A009C86C4 /* URLSessionHTTPClientTests.swift */ = {isa = PBXFileReference; lastKnownFileType = sourcecode.swift; path = URLSessionHTTPClientTests.swift; sourceTree = "<group>"; };
		8A22B8A429078A1D009C86C4 /* XCTestCase+MemoryLeakTracking.swift */ = {isa = PBXFileReference; lastKnownFileType = sourcecode.swift; path = "XCTestCase+MemoryLeakTracking.swift"; sourceTree = "<group>"; };
		8A574BBD28F9EC09007952DF /* RemoteFeedLoader.swift */ = {isa = PBXFileReference; lastKnownFileType = sourcecode.swift; path = RemoteFeedLoader.swift; sourceTree = "<group>"; };
		8AABBF0E28F5212600373419 /* EssentialFeed.framework */ = {isa = PBXFileReference; explicitFileType = wrapper.framework; includeInIndex = 0; path = EssentialFeed.framework; sourceTree = BUILT_PRODUCTS_DIR; };
		8AABBF1128F5212600373419 /* EssentialFeed.h */ = {isa = PBXFileReference; lastKnownFileType = sourcecode.c.h; path = EssentialFeed.h; sourceTree = "<group>"; };
		8AABBF1828F5212600373419 /* EssentialFeedTests.xctest */ = {isa = PBXFileReference; explicitFileType = wrapper.cfbundle; includeInIndex = 0; path = EssentialFeedTests.xctest; sourceTree = BUILT_PRODUCTS_DIR; };
		8AABBF2828F521BB00373419 /* FeedImage.swift */ = {isa = PBXFileReference; lastKnownFileType = sourcecode.swift; path = FeedImage.swift; sourceTree = "<group>"; };
		8AABBF2A28F5246D00373419 /* FeedLoader.swift */ = {isa = PBXFileReference; lastKnownFileType = sourcecode.swift; path = FeedLoader.swift; sourceTree = "<group>"; };
		8AABBF2D28F52AE000373419 /* LoadFeedFromRemoteUseCaseTests.swift */ = {isa = PBXFileReference; lastKnownFileType = sourcecode.swift; path = LoadFeedFromRemoteUseCaseTests.swift; sourceTree = "<group>"; };
		8AF7EC062921B2900022B0AB /* LocalFeedLoader.swift */ = {isa = PBXFileReference; lastKnownFileType = sourcecode.swift; path = LocalFeedLoader.swift; sourceTree = "<group>"; };
		8AF7EC082921B33A0022B0AB /* FeedStore.swift */ = {isa = PBXFileReference; lastKnownFileType = sourcecode.swift; path = FeedStore.swift; sourceTree = "<group>"; };
		8AF7EC0A292205AB0022B0AB /* RemoteFeedItem.swift */ = {isa = PBXFileReference; lastKnownFileType = sourcecode.swift; path = RemoteFeedItem.swift; sourceTree = "<group>"; };
		8AF7EC0C292206150022B0AB /* LocalFeedImage.swift */ = {isa = PBXFileReference; lastKnownFileType = sourcecode.swift; path = LocalFeedImage.swift; sourceTree = "<group>"; };
		8AF7FC8C28FF8166001030AE /* HTTPClient.swift */ = {isa = PBXFileReference; lastKnownFileType = sourcecode.swift; path = HTTPClient.swift; sourceTree = "<group>"; };
		8AF7FC8E28FF81F3001030AE /* FeedItemMapper.swift */ = {isa = PBXFileReference; lastKnownFileType = sourcecode.swift; path = FeedItemMapper.swift; sourceTree = "<group>"; };
		EF0A22272BDF54FD0058376B /* EssentialFeediOS.framework */ = {isa = PBXFileReference; explicitFileType = wrapper.framework; includeInIndex = 0; path = EssentialFeediOS.framework; sourceTree = BUILT_PRODUCTS_DIR; };
		EF0A222E2BDF54FD0058376B /* EssentialFeediOSTests.xctest */ = {isa = PBXFileReference; explicitFileType = wrapper.cfbundle; includeInIndex = 0; path = EssentialFeediOSTests.xctest; sourceTree = BUILT_PRODUCTS_DIR; };
		EF3371C829CDF6D300A7E3F9 /* EssentialFeedCacheIntegrationTests.xctest */ = {isa = PBXFileReference; explicitFileType = wrapper.cfbundle; includeInIndex = 0; path = EssentialFeedCacheIntegrationTests.xctest; sourceTree = BUILT_PRODUCTS_DIR; };
		EF3371CA29CDF6D300A7E3F9 /* EssentialFeedCacheIntegrationTests.swift */ = {isa = PBXFileReference; lastKnownFileType = sourcecode.swift; path = EssentialFeedCacheIntegrationTests.swift; sourceTree = "<group>"; };
		EF69E433293844D200DA46EB /* ValidateFeedCacheUseCaseTests.swift */ = {isa = PBXFileReference; lastKnownFileType = sourcecode.swift; path = ValidateFeedCacheUseCaseTests.swift; sourceTree = "<group>"; };
		EF69E43529384E2300DA46EB /* FeedCacheTestHelpers.swift */ = {isa = PBXFileReference; lastKnownFileType = sourcecode.swift; path = FeedCacheTestHelpers.swift; sourceTree = "<group>"; };
		EF69E43729384FC300DA46EB /* SharedTestHelpers.swift */ = {isa = PBXFileReference; lastKnownFileType = sourcecode.swift; path = SharedTestHelpers.swift; sourceTree = "<group>"; };
		EF7EF1282C37B9F40074F298 /* FeedViewControllerTests.swift */ = {isa = PBXFileReference; lastKnownFileType = sourcecode.swift; path = FeedViewControllerTests.swift; sourceTree = "<group>"; };
		EF8C93F329C8B29100600F29 /* CoreDataHelpers.swift */ = {isa = PBXFileReference; lastKnownFileType = sourcecode.swift; path = CoreDataHelpers.swift; sourceTree = "<group>"; };
		EF8C93F529C8B36000600F29 /* ManagedCache.swift */ = {isa = PBXFileReference; lastKnownFileType = sourcecode.swift; path = ManagedCache.swift; sourceTree = "<group>"; };
		EF8C93F729C8B37300600F29 /* ManagedFeedImage.swift */ = {isa = PBXFileReference; lastKnownFileType = sourcecode.swift; path = ManagedFeedImage.swift; sourceTree = "<group>"; };
		EFA8EA4529B8E0E300A79717 /* CoreDataFeedStoreTests.swift */ = {isa = PBXFileReference; lastKnownFileType = sourcecode.swift; path = CoreDataFeedStoreTests.swift; sourceTree = "<group>"; };
		EFA8EA4729B8E19A00A79717 /* CoreDataFeedStore.swift */ = {isa = PBXFileReference; lastKnownFileType = sourcecode.swift; path = CoreDataFeedStore.swift; sourceTree = "<group>"; };
		EFB48BC429B63AD00064E6D2 /* FeedStoreSpecs.swift */ = {isa = PBXFileReference; lastKnownFileType = sourcecode.swift; path = FeedStoreSpecs.swift; sourceTree = "<group>"; };
		EFB48BC629B63BB80064E6D2 /* XCTestCase+FeedStoreSpecs.swift */ = {isa = PBXFileReference; lastKnownFileType = sourcecode.swift; path = "XCTestCase+FeedStoreSpecs.swift"; sourceTree = "<group>"; };
		EFBEB0C82988CE0700DB85DE /* FeedCachePolicy.swift */ = {isa = PBXFileReference; fileEncoding = 4; lastKnownFileType = sourcecode.swift; path = FeedCachePolicy.swift; sourceTree = "<group>"; };
		EFC04AD1292493A2008D8211 /* LoadFeedFromCacheUseCaseTests.swift */ = {isa = PBXFileReference; lastKnownFileType = sourcecode.swift; path = LoadFeedFromCacheUseCaseTests.swift; sourceTree = "<group>"; };
		EFC04AD4292495BB008D8211 /* FeedStoreSpy.swift */ = {isa = PBXFileReference; lastKnownFileType = sourcecode.swift; path = FeedStoreSpy.swift; sourceTree = "<group>"; };
		EFC4FB6529BB85C4007CF4A0 /* FeedStore.xcdatamodel */ = {isa = PBXFileReference; lastKnownFileType = wrapper.xcdatamodel; path = FeedStore.xcdatamodel; sourceTree = "<group>"; };
		EFE25A742AD05049006C2CDF /* EssentialFeediOS.xctestplan */ = {isa = PBXFileReference; lastKnownFileType = text; path = EssentialFeediOS.xctestplan; sourceTree = "<group>"; };
/* End PBXFileReference section */

/* Begin PBXFrameworksBuildPhase section */
		8A04B08A290F7D2500804A12 /* Frameworks */ = {
			isa = PBXFrameworksBuildPhase;
			buildActionMask = 2147483647;
			files = (
				8A04B091290F7D2500804A12 /* EssentialFeed.framework in Frameworks */,
			);
			runOnlyForDeploymentPostprocessing = 0;
		};
		8AABBF0B28F5212600373419 /* Frameworks */ = {
			isa = PBXFrameworksBuildPhase;
			buildActionMask = 2147483647;
			files = (
			);
			runOnlyForDeploymentPostprocessing = 0;
		};
		8AABBF1528F5212600373419 /* Frameworks */ = {
			isa = PBXFrameworksBuildPhase;
			buildActionMask = 2147483647;
			files = (
				8AABBF1928F5212600373419 /* EssentialFeed.framework in Frameworks */,
			);
			runOnlyForDeploymentPostprocessing = 0;
		};
		EF0A22242BDF54FD0058376B /* Frameworks */ = {
			isa = PBXFrameworksBuildPhase;
			buildActionMask = 2147483647;
			files = (
				EF7EF12B2C3906F80074F298 /* EssentialFeed.framework in Frameworks */,
			);
			runOnlyForDeploymentPostprocessing = 0;
		};
		EF0A222B2BDF54FD0058376B /* Frameworks */ = {
			isa = PBXFrameworksBuildPhase;
			buildActionMask = 2147483647;
			files = (
				EF0A222F2BDF54FD0058376B /* EssentialFeediOS.framework in Frameworks */,
			);
			runOnlyForDeploymentPostprocessing = 0;
		};
		EF3371C529CDF6D300A7E3F9 /* Frameworks */ = {
			isa = PBXFrameworksBuildPhase;
			buildActionMask = 2147483647;
			files = (
				EF3371CC29CDF6D300A7E3F9 /* EssentialFeed.framework in Frameworks */,
			);
			runOnlyForDeploymentPostprocessing = 0;
		};
/* End PBXFrameworksBuildPhase section */

/* Begin PBXGroup section */
		8A04B08E290F7D2500804A12 /* EssentialFeedAPIEndToEndTests */ = {
			isa = PBXGroup;
			children = (
				8A04B08F290F7D2500804A12 /* EssentialFeedAPIEndToEndTests.swift */,
			);
			path = EssentialFeedAPIEndToEndTests;
			sourceTree = "<group>";
		};
		8A1698722915D7220026B30D /* Feed Cache */ = {
			isa = PBXGroup;
			children = (
				EFC04AD3292495AE008D8211 /* Helpers */,
				8A1698732915D75E0026B30D /* CacheFeedUseCaseTests.swift */,
				EFC04AD1292493A2008D8211 /* LoadFeedFromCacheUseCaseTests.swift */,
				EF69E433293844D200DA46EB /* ValidateFeedCacheUseCaseTests.swift */,
				EFB48BC429B63AD00064E6D2 /* FeedStoreSpecs.swift */,
				EFA8EA4529B8E0E300A79717 /* CoreDataFeedStoreTests.swift */,
				EFB48BC629B63BB80064E6D2 /* XCTestCase+FeedStoreSpecs.swift */,
			);
			path = "Feed Cache";
			sourceTree = "<group>";
		};
		8A22B8A3290789E1009C86C4 /* Helpers */ = {
			isa = PBXGroup;
			children = (
				8A22B8A429078A1D009C86C4 /* XCTestCase+MemoryLeakTracking.swift */,
				EF69E43729384FC300DA46EB /* SharedTestHelpers.swift */,
			);
			path = Helpers;
			sourceTree = "<group>";
		};
		8A574BBC28F9EBE5007952DF /* Feed API */ = {
			isa = PBXGroup;
			children = (
				8A574BBD28F9EC09007952DF /* RemoteFeedLoader.swift */,
				8AF7FC8C28FF8166001030AE /* HTTPClient.swift */,
				8AF7FC8E28FF81F3001030AE /* FeedItemMapper.swift */,
				8A04B087290A3B0300804A12 /* URLSessionHTTPClient.swift */,
				8AF7EC0A292205AB0022B0AB /* RemoteFeedItem.swift */,
			);
			path = "Feed API";
			sourceTree = "<group>";
		};
		8AABBF0428F5212600373419 = {
			isa = PBXGroup;
			children = (
				EFE25A742AD05049006C2CDF /* EssentialFeediOS.xctestplan */,
				8AABBF1028F5212600373419 /* EssentialFeed */,
				8AABBF1C28F5212600373419 /* EssentialFeedTests */,
				8A04B08E290F7D2500804A12 /* EssentialFeedAPIEndToEndTests */,
				EF3371C929CDF6D300A7E3F9 /* EssentialFeedCacheIntegrationTests */,
				EF0A22282BDF54FD0058376B /* EssentialFeediOS */,
				EF0A22322BDF54FD0058376B /* EssentialFeediOSTests */,
				8AABBF0F28F5212600373419 /* Products */,
				EF7EF12A2C3906F80074F298 /* Frameworks */,
			);
			sourceTree = "<group>";
		};
		8AABBF0F28F5212600373419 /* Products */ = {
			isa = PBXGroup;
			children = (
				8AABBF0E28F5212600373419 /* EssentialFeed.framework */,
				8AABBF1828F5212600373419 /* EssentialFeedTests.xctest */,
				8A04B08D290F7D2500804A12 /* EssentialFeedAPIEndToEndTests.xctest */,
				EF3371C829CDF6D300A7E3F9 /* EssentialFeedCacheIntegrationTests.xctest */,
				EF0A22272BDF54FD0058376B /* EssentialFeediOS.framework */,
				EF0A222E2BDF54FD0058376B /* EssentialFeediOSTests.xctest */,
			);
			name = Products;
			sourceTree = "<group>";
		};
		8AABBF1028F5212600373419 /* EssentialFeed */ = {
			isa = PBXGroup;
			children = (
				8AABBF1128F5212600373419 /* EssentialFeed.h */,
				8AF7EC052921B2740022B0AB /* FeedCache */,
				8AABBF2C28F5262700373419 /* Feed Feature */,
				8A574BBC28F9EBE5007952DF /* Feed API */,
			);
			path = EssentialFeed;
			sourceTree = "<group>";
		};
		8AABBF1C28F5212600373419 /* EssentialFeedTests */ = {
			isa = PBXGroup;
			children = (
				8A22B8A3290789E1009C86C4 /* Helpers */,
				8A1698722915D7220026B30D /* Feed Cache */,
				8AF7FC9028FF8D4E001030AE /* Feed API */,
			);
			path = EssentialFeedTests;
			sourceTree = "<group>";
		};
		8AABBF2C28F5262700373419 /* Feed Feature */ = {
			isa = PBXGroup;
			children = (
				8AABBF2828F521BB00373419 /* FeedImage.swift */,
				8AABBF2A28F5246D00373419 /* FeedLoader.swift */,
			);
			path = "Feed Feature";
			sourceTree = "<group>";
		};
		8AF7EC052921B2740022B0AB /* FeedCache */ = {
			isa = PBXGroup;
			children = (
				EF8C93F229C8B15500600F29 /* Infrastructure */,
				EFBEB0C82988CE0700DB85DE /* FeedCachePolicy.swift */,
				8AF7EC082921B33A0022B0AB /* FeedStore.swift */,
				8AF7EC062921B2900022B0AB /* LocalFeedLoader.swift */,
				8AF7EC0C292206150022B0AB /* LocalFeedImage.swift */,
			);
			path = FeedCache;
			sourceTree = "<group>";
		};
		8AF7FC9028FF8D4E001030AE /* Feed API */ = {
			isa = PBXGroup;
			children = (
				8AABBF2D28F52AE000373419 /* LoadFeedFromRemoteUseCaseTests.swift */,
				8A22B89D2905020A009C86C4 /* URLSessionHTTPClientTests.swift */,
			);
			path = "Feed API";
			sourceTree = "<group>";
		};
		EF0A22282BDF54FD0058376B /* EssentialFeediOS */ = {
			isa = PBXGroup;
			children = (
			);
			path = EssentialFeediOS;
			sourceTree = "<group>";
		};
		EF0A22322BDF54FD0058376B /* EssentialFeediOSTests */ = {
			isa = PBXGroup;
			children = (
				EF7EF1282C37B9F40074F298 /* FeedViewControllerTests.swift */,
			);
			path = EssentialFeediOSTests;
			sourceTree = "<group>";
		};
		EF3371C929CDF6D300A7E3F9 /* EssentialFeedCacheIntegrationTests */ = {
			isa = PBXGroup;
			children = (
				EF3371CA29CDF6D300A7E3F9 /* EssentialFeedCacheIntegrationTests.swift */,
			);
			path = EssentialFeedCacheIntegrationTests;
			sourceTree = "<group>";
		};
		EF7EF12A2C3906F80074F298 /* Frameworks */ = {
			isa = PBXGroup;
			children = (
			);
			name = Frameworks;
			sourceTree = "<group>";
		};
		EF8C93F229C8B15500600F29 /* Infrastructure */ = {
			isa = PBXGroup;
			children = (
				EFC4FB6429BB85C4007CF4A0 /* FeedStore.xcdatamodeld */,
				EFA8EA4729B8E19A00A79717 /* CoreDataFeedStore.swift */,
				EF8C93F329C8B29100600F29 /* CoreDataHelpers.swift */,
				EF8C93F529C8B36000600F29 /* ManagedCache.swift */,
				EF8C93F729C8B37300600F29 /* ManagedFeedImage.swift */,
			);
			path = Infrastructure;
			sourceTree = "<group>";
		};
		EFC04AD3292495AE008D8211 /* Helpers */ = {
			isa = PBXGroup;
			children = (
				EFC04AD4292495BB008D8211 /* FeedStoreSpy.swift */,
				EF69E43529384E2300DA46EB /* FeedCacheTestHelpers.swift */,
			);
			path = Helpers;
			sourceTree = "<group>";
		};
/* End PBXGroup section */

/* Begin PBXHeadersBuildPhase section */
		8AABBF0928F5212600373419 /* Headers */ = {
			isa = PBXHeadersBuildPhase;
			buildActionMask = 2147483647;
			files = (
				8AABBF1F28F5212600373419 /* EssentialFeed.h in Headers */,
			);
			runOnlyForDeploymentPostprocessing = 0;
		};
		EF0A22222BDF54FD0058376B /* Headers */ = {
			isa = PBXHeadersBuildPhase;
			buildActionMask = 2147483647;
			files = (
			);
			runOnlyForDeploymentPostprocessing = 0;
		};
/* End PBXHeadersBuildPhase section */

/* Begin PBXNativeTarget section */
		8A04B08C290F7D2500804A12 /* EssentialFeedAPIEndToEndTests */ = {
			isa = PBXNativeTarget;
			buildConfigurationList = 8A04B096290F7D2500804A12 /* Build configuration list for PBXNativeTarget "EssentialFeedAPIEndToEndTests" */;
			buildPhases = (
				8A04B089290F7D2500804A12 /* Sources */,
				8A04B08A290F7D2500804A12 /* Frameworks */,
				8A04B08B290F7D2500804A12 /* Resources */,
			);
			buildRules = (
			);
			dependencies = (
				8A04B093290F7D2500804A12 /* PBXTargetDependency */,
			);
			name = EssentialFeedAPIEndToEndTests;
			productName = EssentialFeedAPIEndToEndTests;
			productReference = 8A04B08D290F7D2500804A12 /* EssentialFeedAPIEndToEndTests.xctest */;
			productType = "com.apple.product-type.bundle.unit-test";
		};
		8AABBF0D28F5212600373419 /* EssentialFeed */ = {
			isa = PBXNativeTarget;
			buildConfigurationList = 8AABBF2228F5212600373419 /* Build configuration list for PBXNativeTarget "EssentialFeed" */;
			buildPhases = (
				8AABBF0928F5212600373419 /* Headers */,
				8AABBF0A28F5212600373419 /* Sources */,
				8AABBF0B28F5212600373419 /* Frameworks */,
				8AABBF0C28F5212600373419 /* Resources */,
			);
			buildRules = (
			);
			dependencies = (
			);
			name = EssentialFeed;
			productName = EssentialFeed;
			productReference = 8AABBF0E28F5212600373419 /* EssentialFeed.framework */;
			productType = "com.apple.product-type.framework";
		};
		8AABBF1728F5212600373419 /* EssentialFeedTests */ = {
			isa = PBXNativeTarget;
			buildConfigurationList = 8AABBF2528F5212600373419 /* Build configuration list for PBXNativeTarget "EssentialFeedTests" */;
			buildPhases = (
				8AABBF1428F5212600373419 /* Sources */,
				8AABBF1528F5212600373419 /* Frameworks */,
				8AABBF1628F5212600373419 /* Resources */,
			);
			buildRules = (
			);
			dependencies = (
				8AABBF1B28F5212600373419 /* PBXTargetDependency */,
			);
			name = EssentialFeedTests;
			productName = EssentialFeedTests;
			productReference = 8AABBF1828F5212600373419 /* EssentialFeedTests.xctest */;
			productType = "com.apple.product-type.bundle.unit-test";
		};
		EF0A22262BDF54FD0058376B /* EssentialFeediOS */ = {
			isa = PBXNativeTarget;
			buildConfigurationList = EF0A22362BDF54FD0058376B /* Build configuration list for PBXNativeTarget "EssentialFeediOS" */;
			buildPhases = (
				EF0A22222BDF54FD0058376B /* Headers */,
				EF0A22232BDF54FD0058376B /* Sources */,
				EF0A22242BDF54FD0058376B /* Frameworks */,
				EF0A22252BDF54FD0058376B /* Resources */,
				EF7EF12F2C3906F80074F298 /* Embed Frameworks */,
			);
			buildRules = (
			);
			dependencies = (
				EF7EF12E2C3906F80074F298 /* PBXTargetDependency */,
			);
			name = EssentialFeediOS;
			productName = EssentialFeediOS;
			productReference = EF0A22272BDF54FD0058376B /* EssentialFeediOS.framework */;
			productType = "com.apple.product-type.framework";
		};
		EF0A222D2BDF54FD0058376B /* EssentialFeediOSTests */ = {
			isa = PBXNativeTarget;
			buildConfigurationList = EF0A22392BDF54FD0058376B /* Build configuration list for PBXNativeTarget "EssentialFeediOSTests" */;
			buildPhases = (
				EF0A222A2BDF54FD0058376B /* Sources */,
				EF0A222B2BDF54FD0058376B /* Frameworks */,
				EF0A222C2BDF54FD0058376B /* Resources */,
			);
			buildRules = (
			);
			dependencies = (
				EF0A22312BDF54FD0058376B /* PBXTargetDependency */,
			);
			name = EssentialFeediOSTests;
			productName = EssentialFeediOSTests;
			productReference = EF0A222E2BDF54FD0058376B /* EssentialFeediOSTests.xctest */;
			productType = "com.apple.product-type.bundle.unit-test";
		};
		EF3371C729CDF6D300A7E3F9 /* EssentialFeedCacheIntegrationTests */ = {
			isa = PBXNativeTarget;
			buildConfigurationList = EF3371D129CDF6D300A7E3F9 /* Build configuration list for PBXNativeTarget "EssentialFeedCacheIntegrationTests" */;
			buildPhases = (
				EF3371C429CDF6D300A7E3F9 /* Sources */,
				EF3371C529CDF6D300A7E3F9 /* Frameworks */,
				EF3371C629CDF6D300A7E3F9 /* Resources */,
			);
			buildRules = (
			);
			dependencies = (
				EF3371CE29CDF6D300A7E3F9 /* PBXTargetDependency */,
			);
			name = EssentialFeedCacheIntegrationTests;
			productName = EssentialFeedCacheIntegrationTests;
			productReference = EF3371C829CDF6D300A7E3F9 /* EssentialFeedCacheIntegrationTests.xctest */;
			productType = "com.apple.product-type.bundle.unit-test";
		};
/* End PBXNativeTarget section */

/* Begin PBXProject section */
		8AABBF0528F5212600373419 /* Project object */ = {
			isa = PBXProject;
			attributes = {
				BuildIndependentTargetsInParallel = 1;
				LastSwiftUpdateCheck = 1530;
				LastUpgradeCheck = 1540;
				TargetAttributes = {
					8A04B08C290F7D2500804A12 = {
						CreatedOnToolsVersion = 14.0;
					};
					8AABBF0D28F5212600373419 = {
						CreatedOnToolsVersion = 14.0;
					};
					8AABBF1728F5212600373419 = {
						CreatedOnToolsVersion = 14.0;
					};
					EF0A22262BDF54FD0058376B = {
						CreatedOnToolsVersion = 15.3;
					};
					EF0A222D2BDF54FD0058376B = {
						CreatedOnToolsVersion = 15.3;
						LastSwiftMigration = 1540;
					};
					EF3371C729CDF6D300A7E3F9 = {
						CreatedOnToolsVersion = 14.2;
					};
				};
			};
			buildConfigurationList = 8AABBF0828F5212600373419 /* Build configuration list for PBXProject "EssentialFeed" */;
			compatibilityVersion = "Xcode 14.0";
			developmentRegion = en;
			hasScannedForEncodings = 0;
			knownRegions = (
				en,
				Base,
			);
			mainGroup = 8AABBF0428F5212600373419;
			productRefGroup = 8AABBF0F28F5212600373419 /* Products */;
			projectDirPath = "";
			projectRoot = "";
			targets = (
				8AABBF0D28F5212600373419 /* EssentialFeed */,
				8AABBF1728F5212600373419 /* EssentialFeedTests */,
				8A04B08C290F7D2500804A12 /* EssentialFeedAPIEndToEndTests */,
				EF3371C729CDF6D300A7E3F9 /* EssentialFeedCacheIntegrationTests */,
				EF0A22262BDF54FD0058376B /* EssentialFeediOS */,
				EF0A222D2BDF54FD0058376B /* EssentialFeediOSTests */,
			);
		};
/* End PBXProject section */

/* Begin PBXResourcesBuildPhase section */
		8A04B08B290F7D2500804A12 /* Resources */ = {
			isa = PBXResourcesBuildPhase;
			buildActionMask = 2147483647;
			files = (
			);
			runOnlyForDeploymentPostprocessing = 0;
		};
		8AABBF0C28F5212600373419 /* Resources */ = {
			isa = PBXResourcesBuildPhase;
			buildActionMask = 2147483647;
			files = (
			);
			runOnlyForDeploymentPostprocessing = 0;
		};
		8AABBF1628F5212600373419 /* Resources */ = {
			isa = PBXResourcesBuildPhase;
			buildActionMask = 2147483647;
			files = (
			);
			runOnlyForDeploymentPostprocessing = 0;
		};
		EF0A22252BDF54FD0058376B /* Resources */ = {
			isa = PBXResourcesBuildPhase;
			buildActionMask = 2147483647;
			files = (
			);
			runOnlyForDeploymentPostprocessing = 0;
		};
		EF0A222C2BDF54FD0058376B /* Resources */ = {
			isa = PBXResourcesBuildPhase;
			buildActionMask = 2147483647;
			files = (
			);
			runOnlyForDeploymentPostprocessing = 0;
		};
		EF3371C629CDF6D300A7E3F9 /* Resources */ = {
			isa = PBXResourcesBuildPhase;
			buildActionMask = 2147483647;
			files = (
			);
			runOnlyForDeploymentPostprocessing = 0;
		};
/* End PBXResourcesBuildPhase section */

/* Begin PBXSourcesBuildPhase section */
		8A04B089290F7D2500804A12 /* Sources */ = {
			isa = PBXSourcesBuildPhase;
			buildActionMask = 2147483647;
			files = (
				8A04B090290F7D2500804A12 /* EssentialFeedAPIEndToEndTests.swift in Sources */,
				8AA585C1290F8DE300E7DD7D /* XCTestCase+MemoryLeakTracking.swift in Sources */,
			);
			runOnlyForDeploymentPostprocessing = 0;
		};
		8AABBF0A28F5212600373419 /* Sources */ = {
			isa = PBXSourcesBuildPhase;
			buildActionMask = 2147483647;
			files = (
				EF8C93F429C8B29100600F29 /* CoreDataHelpers.swift in Sources */,
				8A04B088290A3B0300804A12 /* URLSessionHTTPClient.swift in Sources */,
				8A574BBE28F9EC09007952DF /* RemoteFeedLoader.swift in Sources */,
				8AF7EC0B292205AB0022B0AB /* RemoteFeedItem.swift in Sources */,
				EFBEB0C92988CE0700DB85DE /* FeedCachePolicy.swift in Sources */,
				8AF7FC8D28FF8166001030AE /* HTTPClient.swift in Sources */,
				EFC4FB6629BB85C4007CF4A0 /* FeedStore.xcdatamodeld in Sources */,
				8AF7EC0D292206150022B0AB /* LocalFeedImage.swift in Sources */,
				8AF7EC092921B33A0022B0AB /* FeedStore.swift in Sources */,
				8AF7EC072921B2900022B0AB /* LocalFeedLoader.swift in Sources */,
				8AABBF2B28F5246D00373419 /* FeedLoader.swift in Sources */,
				8AF7FC8F28FF81F3001030AE /* FeedItemMapper.swift in Sources */,
				8AABBF2928F521BB00373419 /* FeedImage.swift in Sources */,
				EF8C93F629C8B36000600F29 /* ManagedCache.swift in Sources */,
				EFA8EA4829B8E19A00A79717 /* CoreDataFeedStore.swift in Sources */,
				EF8C93F829C8B37300600F29 /* ManagedFeedImage.swift in Sources */,
			);
			runOnlyForDeploymentPostprocessing = 0;
		};
		8AABBF1428F5212600373419 /* Sources */ = {
			isa = PBXSourcesBuildPhase;
			buildActionMask = 2147483647;
			files = (
				EFA8EA4629B8E0E300A79717 /* CoreDataFeedStoreTests.swift in Sources */,
				EF69E43629384E2300DA46EB /* FeedCacheTestHelpers.swift in Sources */,
				EF69E434293844D200DA46EB /* ValidateFeedCacheUseCaseTests.swift in Sources */,
				8AABBF2E28F52AE000373419 /* LoadFeedFromRemoteUseCaseTests.swift in Sources */,
				8A22B89E2905020A009C86C4 /* URLSessionHTTPClientTests.swift in Sources */,
				EFC04AD5292495BB008D8211 /* FeedStoreSpy.swift in Sources */,
				EF69E43829384FC300DA46EB /* SharedTestHelpers.swift in Sources */,
				8A1698742915D75E0026B30D /* CacheFeedUseCaseTests.swift in Sources */,
				EFC04AD2292493A2008D8211 /* LoadFeedFromCacheUseCaseTests.swift in Sources */,
				EFB48BC529B63AD00064E6D2 /* FeedStoreSpecs.swift in Sources */,
				8A22B8A529078A1D009C86C4 /* XCTestCase+MemoryLeakTracking.swift in Sources */,
				EFB48BC729B63BB80064E6D2 /* XCTestCase+FeedStoreSpecs.swift in Sources */,
			);
			runOnlyForDeploymentPostprocessing = 0;
		};
		EF0A22232BDF54FD0058376B /* Sources */ = {
			isa = PBXSourcesBuildPhase;
			buildActionMask = 2147483647;
			files = (
			);
			runOnlyForDeploymentPostprocessing = 0;
		};
		EF0A222A2BDF54FD0058376B /* Sources */ = {
			isa = PBXSourcesBuildPhase;
			buildActionMask = 2147483647;
			files = (
				EF7EF1292C37B9F40074F298 /* FeedViewControllerTests.swift in Sources */,
			);
			runOnlyForDeploymentPostprocessing = 0;
		};
		EF3371C429CDF6D300A7E3F9 /* Sources */ = {
			isa = PBXSourcesBuildPhase;
			buildActionMask = 2147483647;
			files = (
				EFDA59062A12F872007D88FB /* SharedTestHelpers.swift in Sources */,
				EF3371CB29CDF6D300A7E3F9 /* EssentialFeedCacheIntegrationTests.swift in Sources */,
				EFDA59052A12F862007D88FB /* FeedCacheTestHelpers.swift in Sources */,
				EF3371D229CDF91300A7E3F9 /* XCTestCase+MemoryLeakTracking.swift in Sources */,
			);
			runOnlyForDeploymentPostprocessing = 0;
		};
/* End PBXSourcesBuildPhase section */

/* Begin PBXTargetDependency section */
		8A04B093290F7D2500804A12 /* PBXTargetDependency */ = {
			isa = PBXTargetDependency;
			target = 8AABBF0D28F5212600373419 /* EssentialFeed */;
			targetProxy = 8A04B092290F7D2500804A12 /* PBXContainerItemProxy */;
		};
		8AABBF1B28F5212600373419 /* PBXTargetDependency */ = {
			isa = PBXTargetDependency;
			target = 8AABBF0D28F5212600373419 /* EssentialFeed */;
			targetProxy = 8AABBF1A28F5212600373419 /* PBXContainerItemProxy */;
		};
		EF0A22312BDF54FD0058376B /* PBXTargetDependency */ = {
			isa = PBXTargetDependency;
			target = EF0A22262BDF54FD0058376B /* EssentialFeediOS */;
			targetProxy = EF0A22302BDF54FD0058376B /* PBXContainerItemProxy */;
		};
		EF3371CE29CDF6D300A7E3F9 /* PBXTargetDependency */ = {
			isa = PBXTargetDependency;
			target = 8AABBF0D28F5212600373419 /* EssentialFeed */;
			targetProxy = EF3371CD29CDF6D300A7E3F9 /* PBXContainerItemProxy */;
		};
		EF7EF12E2C3906F80074F298 /* PBXTargetDependency */ = {
			isa = PBXTargetDependency;
			platformFilter = ios;
			target = 8AABBF0D28F5212600373419 /* EssentialFeed */;
			targetProxy = EF7EF12D2C3906F80074F298 /* PBXContainerItemProxy */;
		};
/* End PBXTargetDependency section */

/* Begin XCBuildConfiguration section */
		8A04B094290F7D2500804A12 /* Debug */ = {
			isa = XCBuildConfiguration;
			buildSettings = {
				CODE_SIGN_IDENTITY = "";
				CODE_SIGN_STYLE = Manual;
				CURRENT_PROJECT_VERSION = 1;
				DEAD_CODE_STRIPPING = YES;
				DEVELOPMENT_TEAM = "";
				GENERATE_INFOPLIST_FILE = YES;
				MARKETING_VERSION = 1.0;
				PRODUCT_BUNDLE_IDENTIFIER = luislucatero.io.EssentialFeedAPIEndToEndTests;
				PRODUCT_NAME = "$(TARGET_NAME)";
				PROVISIONING_PROFILE_SPECIFIER = "";
				SUPPORTED_PLATFORMS = "macosx iphoneos iphonesimulator";
				SWIFT_EMIT_LOC_STRINGS = NO;
				SWIFT_VERSION = 5.0;
			};
			name = Debug;
		};
		8A04B095290F7D2500804A12 /* Release */ = {
			isa = XCBuildConfiguration;
			buildSettings = {
				CODE_SIGN_IDENTITY = "";
				CODE_SIGN_STYLE = Manual;
				CURRENT_PROJECT_VERSION = 1;
				DEAD_CODE_STRIPPING = YES;
				DEVELOPMENT_TEAM = "";
				GENERATE_INFOPLIST_FILE = YES;
				MARKETING_VERSION = 1.0;
				PRODUCT_BUNDLE_IDENTIFIER = luislucatero.io.EssentialFeedAPIEndToEndTests;
				PRODUCT_NAME = "$(TARGET_NAME)";
				PROVISIONING_PROFILE_SPECIFIER = "";
				SUPPORTED_PLATFORMS = "macosx iphoneos iphonesimulator";
				SWIFT_EMIT_LOC_STRINGS = NO;
				SWIFT_VERSION = 5.0;
			};
			name = Release;
		};
		8AABBF2028F5212600373419 /* Debug */ = {
			isa = XCBuildConfiguration;
			buildSettings = {
				ALWAYS_SEARCH_USER_PATHS = NO;
				CLANG_ANALYZER_NONNULL = YES;
				CLANG_ANALYZER_NUMBER_OBJECT_CONVERSION = YES_AGGRESSIVE;
				CLANG_CXX_LANGUAGE_STANDARD = "gnu++20";
				CLANG_ENABLE_MODULES = YES;
				CLANG_ENABLE_OBJC_ARC = YES;
				CLANG_ENABLE_OBJC_WEAK = YES;
				CLANG_WARN_BLOCK_CAPTURE_AUTORELEASING = YES;
				CLANG_WARN_BOOL_CONVERSION = YES;
				CLANG_WARN_COMMA = YES;
				CLANG_WARN_CONSTANT_CONVERSION = YES;
				CLANG_WARN_DEPRECATED_OBJC_IMPLEMENTATIONS = YES;
				CLANG_WARN_DIRECT_OBJC_ISA_USAGE = YES_ERROR;
				CLANG_WARN_DOCUMENTATION_COMMENTS = YES;
				CLANG_WARN_EMPTY_BODY = YES;
				CLANG_WARN_ENUM_CONVERSION = YES;
				CLANG_WARN_INFINITE_RECURSION = YES;
				CLANG_WARN_INT_CONVERSION = YES;
				CLANG_WARN_NON_LITERAL_NULL_CONVERSION = YES;
				CLANG_WARN_OBJC_IMPLICIT_RETAIN_SELF = YES;
				CLANG_WARN_OBJC_LITERAL_CONVERSION = YES;
				CLANG_WARN_OBJC_ROOT_CLASS = YES_ERROR;
				CLANG_WARN_QUOTED_INCLUDE_IN_FRAMEWORK_HEADER = YES;
				CLANG_WARN_RANGE_LOOP_ANALYSIS = YES;
				CLANG_WARN_STRICT_PROTOTYPES = YES;
				CLANG_WARN_SUSPICIOUS_MOVE = YES;
				CLANG_WARN_UNGUARDED_AVAILABILITY = YES_AGGRESSIVE;
				CLANG_WARN_UNREACHABLE_CODE = YES;
				CLANG_WARN__DUPLICATE_METHOD_MATCH = YES;
				COPY_PHASE_STRIP = NO;
				CURRENT_PROJECT_VERSION = 1;
				DEAD_CODE_STRIPPING = YES;
				DEBUG_INFORMATION_FORMAT = dwarf;
				ENABLE_STRICT_OBJC_MSGSEND = YES;
				ENABLE_TESTABILITY = YES;
				GCC_C_LANGUAGE_STANDARD = gnu11;
				GCC_DYNAMIC_NO_PIC = NO;
				GCC_NO_COMMON_BLOCKS = YES;
				GCC_OPTIMIZATION_LEVEL = 0;
				GCC_PREPROCESSOR_DEFINITIONS = (
					"DEBUG=1",
					"$(inherited)",
				);
				GCC_WARN_64_TO_32_BIT_CONVERSION = YES;
				GCC_WARN_ABOUT_RETURN_TYPE = YES_ERROR;
				GCC_WARN_UNDECLARED_SELECTOR = YES;
				GCC_WARN_UNINITIALIZED_AUTOS = YES_AGGRESSIVE;
				GCC_WARN_UNUSED_FUNCTION = YES;
				GCC_WARN_UNUSED_VARIABLE = YES;
				MACOSX_DEPLOYMENT_TARGET = 12.3;
				MTL_ENABLE_DEBUG_INFO = INCLUDE_SOURCE;
				MTL_FAST_MATH = YES;
				ONLY_ACTIVE_ARCH = YES;
				SDKROOT = macosx;
				SWIFT_ACTIVE_COMPILATION_CONDITIONS = DEBUG;
				SWIFT_OPTIMIZATION_LEVEL = "-Onone";
				VERSIONING_SYSTEM = "apple-generic";
				VERSION_INFO_PREFIX = "";
			};
			name = Debug;
		};
		8AABBF2128F5212600373419 /* Release */ = {
			isa = XCBuildConfiguration;
			buildSettings = {
				ALWAYS_SEARCH_USER_PATHS = NO;
				CLANG_ANALYZER_NONNULL = YES;
				CLANG_ANALYZER_NUMBER_OBJECT_CONVERSION = YES_AGGRESSIVE;
				CLANG_CXX_LANGUAGE_STANDARD = "gnu++20";
				CLANG_ENABLE_MODULES = YES;
				CLANG_ENABLE_OBJC_ARC = YES;
				CLANG_ENABLE_OBJC_WEAK = YES;
				CLANG_WARN_BLOCK_CAPTURE_AUTORELEASING = YES;
				CLANG_WARN_BOOL_CONVERSION = YES;
				CLANG_WARN_COMMA = YES;
				CLANG_WARN_CONSTANT_CONVERSION = YES;
				CLANG_WARN_DEPRECATED_OBJC_IMPLEMENTATIONS = YES;
				CLANG_WARN_DIRECT_OBJC_ISA_USAGE = YES_ERROR;
				CLANG_WARN_DOCUMENTATION_COMMENTS = YES;
				CLANG_WARN_EMPTY_BODY = YES;
				CLANG_WARN_ENUM_CONVERSION = YES;
				CLANG_WARN_INFINITE_RECURSION = YES;
				CLANG_WARN_INT_CONVERSION = YES;
				CLANG_WARN_NON_LITERAL_NULL_CONVERSION = YES;
				CLANG_WARN_OBJC_IMPLICIT_RETAIN_SELF = YES;
				CLANG_WARN_OBJC_LITERAL_CONVERSION = YES;
				CLANG_WARN_OBJC_ROOT_CLASS = YES_ERROR;
				CLANG_WARN_QUOTED_INCLUDE_IN_FRAMEWORK_HEADER = YES;
				CLANG_WARN_RANGE_LOOP_ANALYSIS = YES;
				CLANG_WARN_STRICT_PROTOTYPES = YES;
				CLANG_WARN_SUSPICIOUS_MOVE = YES;
				CLANG_WARN_UNGUARDED_AVAILABILITY = YES_AGGRESSIVE;
				CLANG_WARN_UNREACHABLE_CODE = YES;
				CLANG_WARN__DUPLICATE_METHOD_MATCH = YES;
				COPY_PHASE_STRIP = NO;
				CURRENT_PROJECT_VERSION = 1;
				DEAD_CODE_STRIPPING = YES;
				DEBUG_INFORMATION_FORMAT = "dwarf-with-dsym";
				ENABLE_NS_ASSERTIONS = NO;
				ENABLE_STRICT_OBJC_MSGSEND = YES;
				GCC_C_LANGUAGE_STANDARD = gnu11;
				GCC_NO_COMMON_BLOCKS = YES;
				GCC_WARN_64_TO_32_BIT_CONVERSION = YES;
				GCC_WARN_ABOUT_RETURN_TYPE = YES_ERROR;
				GCC_WARN_UNDECLARED_SELECTOR = YES;
				GCC_WARN_UNINITIALIZED_AUTOS = YES_AGGRESSIVE;
				GCC_WARN_UNUSED_FUNCTION = YES;
				GCC_WARN_UNUSED_VARIABLE = YES;
				MACOSX_DEPLOYMENT_TARGET = 12.3;
				MTL_ENABLE_DEBUG_INFO = NO;
				MTL_FAST_MATH = YES;
				SDKROOT = macosx;
				SWIFT_COMPILATION_MODE = wholemodule;
				SWIFT_OPTIMIZATION_LEVEL = "-O";
				VERSIONING_SYSTEM = "apple-generic";
				VERSION_INFO_PREFIX = "";
			};
			name = Release;
		};
		8AABBF2328F5212600373419 /* Debug */ = {
			isa = XCBuildConfiguration;
			buildSettings = {
				CODE_SIGN_IDENTITY = "";
				CODE_SIGN_STYLE = Manual;
				COMBINE_HIDPI_IMAGES = YES;
				CURRENT_PROJECT_VERSION = 1;
				DEAD_CODE_STRIPPING = YES;
				DEFINES_MODULE = YES;
				DEVELOPMENT_TEAM = "";
				DYLIB_COMPATIBILITY_VERSION = 1;
				DYLIB_CURRENT_VERSION = 1;
				DYLIB_INSTALL_NAME_BASE = "@rpath";
				ENABLE_MODULE_VERIFIER = YES;
				GENERATE_INFOPLIST_FILE = YES;
				INFOPLIST_KEY_NSHumanReadableCopyright = "";
				INSTALL_PATH = "$(LOCAL_LIBRARY_DIR)/Frameworks";
				IPHONEOS_DEPLOYMENT_TARGET = 17.4;
				LD_RUNPATH_SEARCH_PATHS = (
					"$(inherited)",
					"@executable_path/../Frameworks",
					"@loader_path/Frameworks",
				);
				MARKETING_VERSION = 1.0;
				MODULE_VERIFIER_SUPPORTED_LANGUAGES = "objective-c objective-c++";
				MODULE_VERIFIER_SUPPORTED_LANGUAGE_STANDARDS = "gnu11 gnu++20";
				PRODUCT_BUNDLE_IDENTIFIER = luislucatero.io.EssentialFeed;
				PRODUCT_NAME = "$(TARGET_NAME:c99extidentifier)";
				PROVISIONING_PROFILE_SPECIFIER = "";
				SKIP_INSTALL = YES;
				SUPPORTED_PLATFORMS = "macosx iphoneos iphonesimulator";
				SWIFT_EMIT_LOC_STRINGS = YES;
				SWIFT_VERSION = 5.0;
			};
			name = Debug;
		};
		8AABBF2428F5212600373419 /* Release */ = {
			isa = XCBuildConfiguration;
			buildSettings = {
				CODE_SIGN_IDENTITY = "";
				CODE_SIGN_STYLE = Manual;
				COMBINE_HIDPI_IMAGES = YES;
				CURRENT_PROJECT_VERSION = 1;
				DEAD_CODE_STRIPPING = YES;
				DEFINES_MODULE = YES;
				DEVELOPMENT_TEAM = "";
				DYLIB_COMPATIBILITY_VERSION = 1;
				DYLIB_CURRENT_VERSION = 1;
				DYLIB_INSTALL_NAME_BASE = "@rpath";
				ENABLE_MODULE_VERIFIER = YES;
				GENERATE_INFOPLIST_FILE = YES;
				INFOPLIST_KEY_NSHumanReadableCopyright = "";
				INSTALL_PATH = "$(LOCAL_LIBRARY_DIR)/Frameworks";
				IPHONEOS_DEPLOYMENT_TARGET = 17.4;
				LD_RUNPATH_SEARCH_PATHS = (
					"$(inherited)",
					"@executable_path/../Frameworks",
					"@loader_path/Frameworks",
				);
				MARKETING_VERSION = 1.0;
				MODULE_VERIFIER_SUPPORTED_LANGUAGES = "objective-c objective-c++";
				MODULE_VERIFIER_SUPPORTED_LANGUAGE_STANDARDS = "gnu11 gnu++20";
				PRODUCT_BUNDLE_IDENTIFIER = luislucatero.io.EssentialFeed;
				PRODUCT_NAME = "$(TARGET_NAME:c99extidentifier)";
				PROVISIONING_PROFILE_SPECIFIER = "";
				SKIP_INSTALL = YES;
				SUPPORTED_PLATFORMS = "macosx iphoneos iphonesimulator";
				SWIFT_EMIT_LOC_STRINGS = YES;
				SWIFT_VERSION = 5.0;
			};
			name = Release;
		};
		8AABBF2628F5212600373419 /* Debug */ = {
			isa = XCBuildConfiguration;
			buildSettings = {
				ALWAYS_EMBED_SWIFT_STANDARD_LIBRARIES = YES;
				CODE_SIGN_IDENTITY = "";
				CODE_SIGN_STYLE = Manual;
				CURRENT_PROJECT_VERSION = 1;
				DEAD_CODE_STRIPPING = YES;
				DEVELOPMENT_TEAM = "";
				GENERATE_INFOPLIST_FILE = YES;
				MARKETING_VERSION = 1.0;
				PRODUCT_BUNDLE_IDENTIFIER = luislucatero.io.EssentialFeedTests;
				PRODUCT_NAME = "$(TARGET_NAME)";
				PROVISIONING_PROFILE_SPECIFIER = "";
				SUPPORTED_PLATFORMS = "macosx iphoneos iphonesimulator";
				SWIFT_EMIT_LOC_STRINGS = NO;
				SWIFT_VERSION = 5.0;
			};
			name = Debug;
		};
		8AABBF2728F5212600373419 /* Release */ = {
			isa = XCBuildConfiguration;
			buildSettings = {
				ALWAYS_EMBED_SWIFT_STANDARD_LIBRARIES = YES;
				CODE_SIGN_IDENTITY = "";
				CODE_SIGN_STYLE = Manual;
				CURRENT_PROJECT_VERSION = 1;
				DEAD_CODE_STRIPPING = YES;
				DEVELOPMENT_TEAM = "";
				GENERATE_INFOPLIST_FILE = YES;
				MARKETING_VERSION = 1.0;
				PRODUCT_BUNDLE_IDENTIFIER = luislucatero.io.EssentialFeedTests;
				PRODUCT_NAME = "$(TARGET_NAME)";
				PROVISIONING_PROFILE_SPECIFIER = "";
				SUPPORTED_PLATFORMS = "macosx iphoneos iphonesimulator";
				SWIFT_EMIT_LOC_STRINGS = NO;
				SWIFT_VERSION = 5.0;
			};
			name = Release;
		};
		EF0A22372BDF54FD0058376B /* Debug */ = {
			isa = XCBuildConfiguration;
			buildSettings = {
				ASSETCATALOG_COMPILER_GENERATE_SWIFT_ASSET_SYMBOL_EXTENSIONS = YES;
				BUILD_LIBRARY_FOR_DISTRIBUTION = YES;
				CODE_SIGN_IDENTITY = "";
				CODE_SIGN_STYLE = Manual;
				CURRENT_PROJECT_VERSION = 1;
				DEFINES_MODULE = NO;
				DEVELOPMENT_TEAM = "";
				DYLIB_COMPATIBILITY_VERSION = 1;
				DYLIB_CURRENT_VERSION = 1;
				DYLIB_INSTALL_NAME_BASE = "@rpath";
				ENABLE_MODULE_VERIFIER = YES;
				ENABLE_USER_SCRIPT_SANDBOXING = YES;
				GCC_C_LANGUAGE_STANDARD = gnu17;
				GENERATE_INFOPLIST_FILE = YES;
				INFOPLIST_KEY_NSHumanReadableCopyright = "";
				INSTALL_PATH = "$(LOCAL_LIBRARY_DIR)/Frameworks";
				IPHONEOS_DEPLOYMENT_TARGET = 17.4;
				LD_RUNPATH_SEARCH_PATHS = (
					"$(inherited)",
					"@executable_path/Frameworks",
					"@loader_path/Frameworks",
				);
				LOCALIZATION_PREFERS_STRING_CATALOGS = YES;
				MARKETING_VERSION = 1.0;
				MODULE_VERIFIER_SUPPORTED_LANGUAGES = "objective-c objective-c++";
				MODULE_VERIFIER_SUPPORTED_LANGUAGE_STANDARDS = "gnu17 gnu++20";
				PRODUCT_BUNDLE_IDENTIFIER = io.luislucatero.EssentialFeediOS;
				PRODUCT_NAME = "$(TARGET_NAME:c99extidentifier)";
				PROVISIONING_PROFILE_SPECIFIER = "";
				SDKROOT = iphoneos;
				SKIP_INSTALL = YES;
				SWIFT_ACTIVE_COMPILATION_CONDITIONS = "DEBUG $(inherited)";
				SWIFT_EMIT_LOC_STRINGS = YES;
				SWIFT_INSTALL_OBJC_HEADER = NO;
				SWIFT_VERSION = 5.0;
				TARGETED_DEVICE_FAMILY = "1,2";
			};
			name = Debug;
		};
		EF0A22382BDF54FD0058376B /* Release */ = {
			isa = XCBuildConfiguration;
			buildSettings = {
				ASSETCATALOG_COMPILER_GENERATE_SWIFT_ASSET_SYMBOL_EXTENSIONS = YES;
				BUILD_LIBRARY_FOR_DISTRIBUTION = YES;
				CODE_SIGN_IDENTITY = "";
				CODE_SIGN_STYLE = Manual;
				CURRENT_PROJECT_VERSION = 1;
				DEFINES_MODULE = NO;
				DEVELOPMENT_TEAM = "";
				DYLIB_COMPATIBILITY_VERSION = 1;
				DYLIB_CURRENT_VERSION = 1;
				DYLIB_INSTALL_NAME_BASE = "@rpath";
				ENABLE_MODULE_VERIFIER = YES;
				ENABLE_USER_SCRIPT_SANDBOXING = YES;
				GCC_C_LANGUAGE_STANDARD = gnu17;
				GENERATE_INFOPLIST_FILE = YES;
				INFOPLIST_KEY_NSHumanReadableCopyright = "";
				INSTALL_PATH = "$(LOCAL_LIBRARY_DIR)/Frameworks";
				IPHONEOS_DEPLOYMENT_TARGET = 17.4;
				LD_RUNPATH_SEARCH_PATHS = (
					"$(inherited)",
					"@executable_path/Frameworks",
					"@loader_path/Frameworks",
				);
				LOCALIZATION_PREFERS_STRING_CATALOGS = YES;
				MARKETING_VERSION = 1.0;
				MODULE_VERIFIER_SUPPORTED_LANGUAGES = "objective-c objective-c++";
				MODULE_VERIFIER_SUPPORTED_LANGUAGE_STANDARDS = "gnu17 gnu++20";
				PRODUCT_BUNDLE_IDENTIFIER = io.luislucatero.EssentialFeediOS;
				PRODUCT_NAME = "$(TARGET_NAME:c99extidentifier)";
				PROVISIONING_PROFILE_SPECIFIER = "";
				SDKROOT = iphoneos;
				SKIP_INSTALL = YES;
				SWIFT_EMIT_LOC_STRINGS = YES;
				SWIFT_INSTALL_OBJC_HEADER = NO;
				SWIFT_VERSION = 5.0;
				TARGETED_DEVICE_FAMILY = "1,2";
				VALIDATE_PRODUCT = YES;
			};
			name = Release;
		};
		EF0A223A2BDF54FD0058376B /* Debug */ = {
			isa = XCBuildConfiguration;
			buildSettings = {
				ASSETCATALOG_COMPILER_GENERATE_SWIFT_ASSET_SYMBOL_EXTENSIONS = YES;
				CLANG_ENABLE_MODULES = YES;
				CODE_SIGN_IDENTITY = "";
				CODE_SIGN_STYLE = Manual;
				CURRENT_PROJECT_VERSION = 1;
				DEVELOPMENT_TEAM = "";
				ENABLE_USER_SCRIPT_SANDBOXING = YES;
				GCC_C_LANGUAGE_STANDARD = gnu17;
				GENERATE_INFOPLIST_FILE = YES;
				IPHONEOS_DEPLOYMENT_TARGET = 17.4;
				LOCALIZATION_PREFERS_STRING_CATALOGS = YES;
				MARKETING_VERSION = 1.0;
				PRODUCT_BUNDLE_IDENTIFIER = io.luislucatero.EssentialFeediOSTests;
				PRODUCT_NAME = "$(TARGET_NAME)";
				PROVISIONING_PROFILE_SPECIFIER = "";
				SDKROOT = iphoneos;
				SWIFT_ACTIVE_COMPILATION_CONDITIONS = "DEBUG $(inherited)";
				SWIFT_EMIT_LOC_STRINGS = NO;
				SWIFT_OPTIMIZATION_LEVEL = "-Onone";
				SWIFT_VERSION = 5.0;
				TARGETED_DEVICE_FAMILY = "1,2";
			};
			name = Debug;
		};
		EF0A223B2BDF54FD0058376B /* Release */ = {
			isa = XCBuildConfiguration;
			buildSettings = {
				ASSETCATALOG_COMPILER_GENERATE_SWIFT_ASSET_SYMBOL_EXTENSIONS = YES;
				CLANG_ENABLE_MODULES = YES;
				CODE_SIGN_IDENTITY = "";
				CODE_SIGN_STYLE = Manual;
				CURRENT_PROJECT_VERSION = 1;
				DEVELOPMENT_TEAM = "";
				ENABLE_USER_SCRIPT_SANDBOXING = YES;
				GCC_C_LANGUAGE_STANDARD = gnu17;
				GENERATE_INFOPLIST_FILE = YES;
				IPHONEOS_DEPLOYMENT_TARGET = 17.4;
				LOCALIZATION_PREFERS_STRING_CATALOGS = YES;
				MARKETING_VERSION = 1.0;
				PRODUCT_BUNDLE_IDENTIFIER = io.luislucatero.EssentialFeediOSTests;
				PRODUCT_NAME = "$(TARGET_NAME)";
				PROVISIONING_PROFILE_SPECIFIER = "";
				SDKROOT = iphoneos;
				SWIFT_EMIT_LOC_STRINGS = NO;
				SWIFT_VERSION = 5.0;
				TARGETED_DEVICE_FAMILY = "1,2";
				VALIDATE_PRODUCT = YES;
			};
			name = Release;
		};
		EF3371CF29CDF6D300A7E3F9 /* Debug */ = {
			isa = XCBuildConfiguration;
			buildSettings = {
				CODE_SIGN_IDENTITY = "";
				CODE_SIGN_STYLE = Manual;
				CURRENT_PROJECT_VERSION = 1;
				DEVELOPMENT_TEAM = "";
				GENERATE_INFOPLIST_FILE = YES;
				MACOSX_DEPLOYMENT_TARGET = 13.1;
				MARKETING_VERSION = 1.0;
				PRODUCT_BUNDLE_IDENTIFIER = io.luislucatero.EssentialFeedCacheIntegrationTests;
				PRODUCT_NAME = "$(TARGET_NAME)";
				PROVISIONING_PROFILE_SPECIFIER = "";
				SUPPORTED_PLATFORMS = "macosx iphonesimulator iphoneos";
				SWIFT_EMIT_LOC_STRINGS = NO;
				SWIFT_VERSION = 5.0;
			};
			name = Debug;
		};
		EF3371D029CDF6D300A7E3F9 /* Release */ = {
			isa = XCBuildConfiguration;
			buildSettings = {
				CODE_SIGN_IDENTITY = "";
				CODE_SIGN_STYLE = Manual;
				CURRENT_PROJECT_VERSION = 1;
				DEVELOPMENT_TEAM = "";
				GENERATE_INFOPLIST_FILE = YES;
				MACOSX_DEPLOYMENT_TARGET = 13.1;
				MARKETING_VERSION = 1.0;
				PRODUCT_BUNDLE_IDENTIFIER = io.luislucatero.EssentialFeedCacheIntegrationTests;
				PRODUCT_NAME = "$(TARGET_NAME)";
				PROVISIONING_PROFILE_SPECIFIER = "";
				SUPPORTED_PLATFORMS = "macosx iphonesimulator iphoneos";
				SWIFT_EMIT_LOC_STRINGS = NO;
				SWIFT_VERSION = 5.0;
			};
			name = Release;
		};
/* End XCBuildConfiguration section */

/* Begin XCConfigurationList section */
		8A04B096290F7D2500804A12 /* Build configuration list for PBXNativeTarget "EssentialFeedAPIEndToEndTests" */ = {
			isa = XCConfigurationList;
			buildConfigurations = (
				8A04B094290F7D2500804A12 /* Debug */,
				8A04B095290F7D2500804A12 /* Release */,
			);
			defaultConfigurationIsVisible = 0;
			defaultConfigurationName = Release;
		};
		8AABBF0828F5212600373419 /* Build configuration list for PBXProject "EssentialFeed" */ = {
			isa = XCConfigurationList;
			buildConfigurations = (
				8AABBF2028F5212600373419 /* Debug */,
				8AABBF2128F5212600373419 /* Release */,
			);
			defaultConfigurationIsVisible = 0;
			defaultConfigurationName = Release;
		};
		8AABBF2228F5212600373419 /* Build configuration list for PBXNativeTarget "EssentialFeed" */ = {
			isa = XCConfigurationList;
			buildConfigurations = (
				8AABBF2328F5212600373419 /* Debug */,
				8AABBF2428F5212600373419 /* Release */,
			);
			defaultConfigurationIsVisible = 0;
			defaultConfigurationName = Release;
		};
		8AABBF2528F5212600373419 /* Build configuration list for PBXNativeTarget "EssentialFeedTests" */ = {
			isa = XCConfigurationList;
			buildConfigurations = (
				8AABBF2628F5212600373419 /* Debug */,
				8AABBF2728F5212600373419 /* Release */,
			);
			defaultConfigurationIsVisible = 0;
			defaultConfigurationName = Release;
		};
		EF0A22362BDF54FD0058376B /* Build configuration list for PBXNativeTarget "EssentialFeediOS" */ = {
			isa = XCConfigurationList;
			buildConfigurations = (
				EF0A22372BDF54FD0058376B /* Debug */,
				EF0A22382BDF54FD0058376B /* Release */,
			);
			defaultConfigurationIsVisible = 0;
			defaultConfigurationName = Release;
		};
		EF0A22392BDF54FD0058376B /* Build configuration list for PBXNativeTarget "EssentialFeediOSTests" */ = {
			isa = XCConfigurationList;
			buildConfigurations = (
				EF0A223A2BDF54FD0058376B /* Debug */,
				EF0A223B2BDF54FD0058376B /* Release */,
			);
			defaultConfigurationIsVisible = 0;
			defaultConfigurationName = Release;
		};
		EF3371D129CDF6D300A7E3F9 /* Build configuration list for PBXNativeTarget "EssentialFeedCacheIntegrationTests" */ = {
			isa = XCConfigurationList;
			buildConfigurations = (
				EF3371CF29CDF6D300A7E3F9 /* Debug */,
				EF3371D029CDF6D300A7E3F9 /* Release */,
			);
			defaultConfigurationIsVisible = 0;
			defaultConfigurationName = Release;
		};
/* End XCConfigurationList section */

/* Begin XCVersionGroup section */
		EFC4FB6429BB85C4007CF4A0 /* FeedStore.xcdatamodeld */ = {
			isa = XCVersionGroup;
			children = (
				EFC4FB6529BB85C4007CF4A0 /* FeedStore.xcdatamodel */,
			);
			currentVersion = EFC4FB6529BB85C4007CF4A0 /* FeedStore.xcdatamodel */;
			path = FeedStore.xcdatamodeld;
			sourceTree = "<group>";
			versionGroupType = wrapper.xcdatamodel;
		};
/* End XCVersionGroup section */
	};
	rootObject = 8AABBF0528F5212600373419 /* Project object */;
}
